
Microsoft Visual Studio Solution File, Format Version 12.00
# Visual Studio Version 16
VisualStudioVersion = 16.0.30320.27
MinimumVisualStudioVersion = 10.0.40219.1
Project("{FAE04EC0-301F-11D3-BF4B-00C04F79EFBC}") = "Implicit and Explicit Conversion", "Implicit and Explicit Conversion\Implicit and Explicit Conversion.csproj", "{D294E8DB-3BE5-4DEE-9BDF-FF340355095D}"
EndProject
Global
	GlobalSection(SolutionConfigurationPlatforms) = preSolution
		Debug|Any CPU = Debug|Any CPU
		Release|Any CPU = Release|Any CPU
	EndGlobalSection
	GlobalSection(ProjectConfigurationPlatforms) = postSolution
		{D294E8DB-3BE5-4DEE-9BDF-FF340355095D}.Debug|Any CPU.ActiveCfg = Debug|Any CPU
		{D294E8DB-3BE5-4DEE-9BDF-FF340355095D}.Debug|Any CPU.Build.0 = Debug|Any CPU
		{D294E8DB-3BE5-4DEE-9BDF-FF340355095D}.Release|Any CPU.ActiveCfg = Release|Any CPU
		{D294E8DB-3BE5-4DEE-9BDF-FF340355095D}.Release|Any CPU.Build.0 = Release|Any CPU
	EndGlobalSection
	GlobalSection(SolutionProperties) = preSolution
		HideSolutionNode = FALSE
	EndGlobalSection
	GlobalSection(ExtensibilityGlobals) = postSolution
		SolutionGuid = {F4034F6B-6F3C-4AB0-AA8A-3C657567F73D}
	EndGlobalSection
EndGlobal
