
Microsoft Visual Studio Solution File, Format Version 12.00
# Visual Studio Version 16
VisualStudioVersion = 16.0.30320.27
MinimumVisualStudioVersion = 10.0.40219.1
Project("{FAE04EC0-301F-11D3-BF4B-00C04F79EFBC}") = "Exquisite Corpse", "Exquisite Corpse\Exquisite Corpse.csproj", "{33181C02-9DC6-4E08-9F96-F779730BC9AA}"
EndProject
Global
	GlobalSection(SolutionConfigurationPlatforms) = preSolution
		Debug|Any CPU = Debug|Any CPU
		Release|Any CPU = Release|Any CPU
	EndGlobalSection
	GlobalSection(ProjectConfigurationPlatforms) = postSolution
		{33181C02-9DC6-4E08-9F96-F779730BC9AA}.Debug|Any CPU.ActiveCfg = Debug|Any CPU
		{33181C02-9DC6-4E08-9F96-F779730BC9AA}.Debug|Any CPU.Build.0 = Debug|Any CPU
		{33181C02-9DC6-4E08-9F96-F779730BC9AA}.Release|Any CPU.ActiveCfg = Release|Any CPU
		{33181C02-9DC6-4E08-9F96-F779730BC9AA}.Release|Any CPU.Build.0 = Release|Any CPU
	EndGlobalSection
	GlobalSection(SolutionProperties) = preSolution
		HideSolutionNode = FALSE
	EndGlobalSection
	GlobalSection(ExtensibilityGlobals) = postSolution
		SolutionGuid = {C65B54B1-2377-4D29-A006-E9458BBB031E}
	EndGlobalSection
EndGlobal
