
Microsoft Visual Studio Solution File, Format Version 12.00
# Visual Studio Version 16
VisualStudioVersion = 16.0.30320.27
MinimumVisualStudioVersion = 10.0.40219.1
Project("{FAE04EC0-301F-11D3-BF4B-00C04F79EFBC}") = "StringChallenge2", "StringChallenge2\StringChallenge2.csproj", "{CD498E0C-F6EC-406F-AF1C-8B711500BF5B}"
EndProject
Global
	GlobalSection(SolutionConfigurationPlatforms) = preSolution
		Debug|Any CPU = Debug|Any CPU
		Release|Any CPU = Release|Any CPU
	EndGlobalSection
	GlobalSection(ProjectConfigurationPlatforms) = postSolution
		{CD498E0C-F6EC-406F-AF1C-8B711500BF5B}.Debug|Any CPU.ActiveCfg = Debug|Any CPU
		{CD498E0C-F6EC-406F-AF1C-8B711500BF5B}.Debug|Any CPU.Build.0 = Debug|Any CPU
		{CD498E0C-F6EC-406F-AF1C-8B711500BF5B}.Release|Any CPU.ActiveCfg = Release|Any CPU
		{CD498E0C-F6EC-406F-AF1C-8B711500BF5B}.Release|Any CPU.Build.0 = Release|Any CPU
	EndGlobalSection
	GlobalSection(SolutionProperties) = preSolution
		HideSolutionNode = FALSE
	EndGlobalSection
	GlobalSection(ExtensibilityGlobals) = postSolution
		SolutionGuid = {5C920FE9-53BF-442B-8BD3-5E4C3541FD55}
	EndGlobalSection
EndGlobal
