
Microsoft Visual Studio Solution File, Format Version 12.00
# Visual Studio Version 16
VisualStudioVersion = 16.0.30320.27
MinimumVisualStudioVersion = 10.0.40219.1
Project("{FAE04EC0-301F-11D3-BF4B-00C04F79EFBC}") = "Introduction to Methods", "Introduction to Methods\Introduction to Methods.csproj", "{9066FB38-C643-4A52-ACA9-B0E3A857607F}"
EndProject
Global
	GlobalSection(SolutionConfigurationPlatforms) = preSolution
		Debug|Any CPU = Debug|Any CPU
		Release|Any CPU = Release|Any CPU
	EndGlobalSection
	GlobalSection(ProjectConfigurationPlatforms) = postSolution
		{9066FB38-C643-4A52-ACA9-B0E3A857607F}.Debug|Any CPU.ActiveCfg = Debug|Any CPU
		{9066FB38-C643-4A52-ACA9-B0E3A857607F}.Debug|Any CPU.Build.0 = Debug|Any CPU
		{9066FB38-C643-4A52-ACA9-B0E3A857607F}.Release|Any CPU.ActiveCfg = Release|Any CPU
		{9066FB38-C643-4A52-ACA9-B0E3A857607F}.Release|Any CPU.Build.0 = Release|Any CPU
	EndGlobalSection
	GlobalSection(SolutionProperties) = preSolution
		HideSolutionNode = FALSE
	EndGlobalSection
	GlobalSection(ExtensibilityGlobals) = postSolution
		SolutionGuid = {D7463380-EF91-4A6C-A389-DE7465B41CC2}
	EndGlobalSection
EndGlobal
